
Microsoft Visual Studio Solution File, Format Version 12.00
# Visual Studio Version 17
VisualStudioVersion = 17.0.31903.59
MinimumVisualStudioVersion = 10.0.40219.1
Project("{2150E333-8FDC-42A3-9474-1A3956D46DE8}") = "src", "src", "{827E0CD3-B72D-47B6-A68D-7590B98EB39B}"
EndProject
Project("{2150E333-8FDC-42A3-9474-1A3956D46DE8}") = "Modules", "Modules", "{EC447DCF-ABFA-6E24-52A5-D7FD48A5C558}"
EndProject
Project("{2150E333-8FDC-42A3-9474-1A3956D46DE8}") = "Catalog", "Catalog", "{1E1EF545-4C18-AEE2-B997-7EF431518D3F}"
EndProject
Project("{2150E333-8FDC-42A3-9474-1A3956D46DE8}") = "Domain", "Domain", "{81736D6C-8CEA-48B8-5EA0-C79902F563B6}"
EndProject
Project("{FAE04EC0-301F-11D3-BF4B-00C04F79EFBC}") = "TractorEcommerce.Modules.Catalog.Domain", "src\Modules\Catalog\Domain\TractorEcommerce.Modules.Catalog.Domain.csproj", "{2B18D771-7BF2-48D8-AF99-369AA366CDD4}"
EndProject
Project("{2150E333-8FDC-42A3-9474-1A3956D46DE8}") = "Application", "Application", "{4371E740-2D6F-8592-4DE1-CCD41F57C855}"
EndProject
Project("{FAE04EC0-301F-11D3-BF4B-00C04F79EFBC}") = "TractorEcommerce.Modules.Catalog.Application", "src\Modules\Catalog\Application\TractorEcommerce.Modules.Catalog.Application.csproj", "{118D3F5E-BD55-4349-85DF-45941C023648}"
EndProject
Project("{2150E333-8FDC-42A3-9474-1A3956D46DE8}") = "Infrastructure", "Infrastructure", "{AEA5FB4D-85F1-9161-431C-803672BCB9B3}"
EndProject
Project("{FAE04EC0-301F-11D3-BF4B-00C04F79EFBC}") = "TractorEcommerce.Modules.Catalog.Infrastructure", "src\Modules\Catalog\Infrastructure\TractorEcommerce.Modules.Catalog.Infrastructure.csproj", "{1F38D1A3-8DD7-4B6A-BCE2-83135FB50C73}"
EndProject
Project("{2150E333-8FDC-42A3-9474-1A3956D46DE8}") = "Sales", "Sales", "{D2CAED6B-FC59-4178-6320-5EDC21A9F743}"
EndProject
Project("{2150E333-8FDC-42A3-9474-1A3956D46DE8}") = "Domain", "Domain", "{4544AA05-C012-A056-2EFB-C9A8AF1BC4FC}"
EndProject
Project("{FAE04EC0-301F-11D3-BF4B-00C04F79EFBC}") = "TractorEcommerce.Modules.Sales.Domain", "src\Modules\Sales\Domain\TractorEcommerce.Modules.Sales.Domain.csproj", "{EA79614A-BA75-4A1C-89AA-436AA0231BCC}"
EndProject
Project("{2150E333-8FDC-42A3-9474-1A3956D46DE8}") = "Application", "Application", "{38A6A4C6-2370-5D44-2D4D-0AFAA6F329F3}"
EndProject
Project("{FAE04EC0-301F-11D3-BF4B-00C04F79EFBC}") = "TractorEcommerce.Modules.Sales.Application", "src\Modules\Sales\Application\TractorEcommerce.Modules.Sales.Application.csproj", "{55DFEDFA-520A-4F07-86CC-F5D8C3D47308}"
EndProject
Project("{2150E333-8FDC-42A3-9474-1A3956D46DE8}") = "Infrastructure", "Infrastructure", "{D4606432-D90E-DA99-B50A-9A1AE102AEF3}"
EndProject
Project("{FAE04EC0-301F-11D3-BF4B-00C04F79EFBC}") = "TractorEcommerce.Modules.Sales.Infrastructure", "src\Modules\Sales\Infrastructure\TractorEcommerce.Modules.Sales.Infrastructure.csproj", "{7F326E33-A375-49C8-8E92-E16C4D60B2D0}"
EndProject
Project("{2150E333-8FDC-42A3-9474-1A3956D46DE8}") = "Host", "Host", "{981C2CF6-E5BB-602A-511C-234B538302B0}"
EndProject
Project("{FAE04EC0-301F-11D3-BF4B-00C04F79EFBC}") = "TractorEcommerce.Api", "src\Host\TractorEcommerce.Api\TractorEcommerce.Api.csproj", "{0F127F32-8CE2-4E24-93AE-5AAEDB86E4D3}"
EndProject
Project("{2150E333-8FDC-42A3-9474-1A3956D46DE8}") = "tests", "tests", "{0AB3BF05-4346-4AA6-1389-037BE0695223}"
EndProject
Project("{2150E333-8FDC-42A3-9474-1A3956D46DE8}") = "Catalog.Tests", "Catalog.Tests", "{DD54C921-F51D-63BF-9838-C39187FD1EF1}"
EndProject
Project("{FAE04EC0-301F-11D3-BF4B-00C04F79EFBC}") = "TractorEcommerce.Modules.Catalog.Tests", "tests\Catalog.Tests\TractorEcommerce.Modules.Catalog.Tests.csproj", "{D91D370F-AD99-4EF8-AFA2-E38A103C8BC8}"
EndProject
Project("{2150E333-8FDC-42A3-9474-1A3956D46DE8}") = "Sales.Tests", "Sales.Tests", "{80CDAFC4-2F79-EC9B-27B2-FCDAD48D9E10}"
EndProject
Project("{FAE04EC0-301F-11D3-BF4B-00C04F79EFBC}") = "TractorEcommerce.Modules.Sales.Tests", "tests\Sales.Tests\TractorEcommerce.Modules.Sales.Tests.csproj", "{874C7F93-0E05-418C-8E60-C08E83340B45}"
EndProject
Project("{2150E333-8FDC-42A3-9474-1A3956D46DE8}") = "Shared", "Shared", "{70E89A33-AE1E-0B89-8B3A-78191417C6D1}"
EndProject
Project("{FAE04EC0-301F-11D3-BF4B-00C04F79EFBC}") = "TractorEcommerce.Modules.Shared.Application", "src\Modules\Shared\TractorEcommerce.Modules.Shared.Application\TractorEcommerce.Modules.Shared.Application.csproj", "{1DD9F51E-7830-425E-B188-B7F671659490}"
EndProject
Project("{FAE04EC0-301F-11D3-BF4B-00C04F79EFBC}") = "TractorEcommerce.Modules.Shared.Infrastructure", "src\Modules\Shared\TractorEcommerce.Modules.Shared.Infrastructure\TractorEcommerce.Modules.Shared.Infrastructure.csproj", "{C65F585E-D8DB-4779-82EC-B0742BF5ADD9}"
EndProject
Global
	GlobalSection(SolutionConfigurationPlatforms) = preSolution
		Debug|Any CPU = Debug|Any CPU
		Debug|x64 = Debug|x64
		Debug|x86 = Debug|x86
		Release|Any CPU = Release|Any CPU
		Release|x64 = Release|x64
		Release|x86 = Release|x86
	EndGlobalSection
	GlobalSection(ProjectConfigurationPlatforms) = postSolution
		{2B18D771-7BF2-48D8-AF99-369AA366CDD4}.Debug|Any CPU.ActiveCfg = Debug|Any CPU
		{2B18D771-7BF2-48D8-AF99-369AA366CDD4}.Debug|Any CPU.Build.0 = Debug|Any CPU
		{2B18D771-7BF2-48D8-AF99-369AA366CDD4}.Debug|x64.ActiveCfg = Debug|Any CPU
		{2B18D771-7BF2-48D8-AF99-369AA366CDD4}.Debug|x64.Build.0 = Debug|Any CPU
		{2B18D771-7BF2-48D8-AF99-369AA366CDD4}.Debug|x86.ActiveCfg = Debug|Any CPU
		{2B18D771-7BF2-48D8-AF99-369AA366CDD4}.Debug|x86.Build.0 = Debug|Any CPU
		{2B18D771-7BF2-48D8-AF99-369AA366CDD4}.Release|Any CPU.ActiveCfg = Release|Any CPU
		{2B18D771-7BF2-48D8-AF99-369AA366CDD4}.Release|Any CPU.Build.0 = Release|Any CPU
		{2B18D771-7BF2-48D8-AF99-369AA366CDD4}.Release|x64.ActiveCfg = Release|Any CPU
		{2B18D771-7BF2-48D8-AF99-369AA366CDD4}.Release|x64.Build.0 = Release|Any CPU
		{2B18D771-7BF2-48D8-AF99-369AA366CDD4}.Release|x86.ActiveCfg = Release|Any CPU
		{2B18D771-7BF2-48D8-AF99-369AA366CDD4}.Release|x86.Build.0 = Release|Any CPU
		{118D3F5E-BD55-4349-85DF-45941C023648}.Debug|Any CPU.ActiveCfg = Debug|Any CPU
		{118D3F5E-BD55-4349-85DF-45941C023648}.Debug|Any CPU.Build.0 = Debug|Any CPU
		{118D3F5E-BD55-4349-85DF-45941C023648}.Debug|x64.ActiveCfg = Debug|Any CPU
		{118D3F5E-BD55-4349-85DF-45941C023648}.Debug|x64.Build.0 = Debug|Any CPU
		{118D3F5E-BD55-4349-85DF-45941C023648}.Debug|x86.ActiveCfg = Debug|Any CPU
		{118D3F5E-BD55-4349-85DF-45941C023648}.Debug|x86.Build.0 = Debug|Any CPU
		{118D3F5E-BD55-4349-85DF-45941C023648}.Release|Any CPU.ActiveCfg = Release|Any CPU
		{118D3F5E-BD55-4349-85DF-45941C023648}.Release|Any CPU.Build.0 = Release|Any CPU
		{118D3F5E-BD55-4349-85DF-45941C023648}.Release|x64.ActiveCfg = Release|Any CPU
		{118D3F5E-BD55-4349-85DF-45941C023648}.Release|x64.Build.0 = Release|Any CPU
		{118D3F5E-BD55-4349-85DF-45941C023648}.Release|x86.ActiveCfg = Release|Any CPU
		{118D3F5E-BD55-4349-85DF-45941C023648}.Release|x86.Build.0 = Release|Any CPU
		{1F38D1A3-8DD7-4B6A-BCE2-83135FB50C73}.Debug|Any CPU.ActiveCfg = Debug|Any CPU
		{1F38D1A3-8DD7-4B6A-BCE2-83135FB50C73}.Debug|Any CPU.Build.0 = Debug|Any CPU
		{1F38D1A3-8DD7-4B6A-BCE2-83135FB50C73}.Debug|x64.ActiveCfg = Debug|Any CPU
		{1F38D1A3-8DD7-4B6A-BCE2-83135FB50C73}.Debug|x64.Build.0 = Debug|Any CPU
		{1F38D1A3-8DD7-4B6A-BCE2-83135FB50C73}.Debug|x86.ActiveCfg = Debug|Any CPU
		{1F38D1A3-8DD7-4B6A-BCE2-83135FB50C73}.Debug|x86.Build.0 = Debug|Any CPU
		{1F38D1A3-8DD7-4B6A-BCE2-83135FB50C73}.Release|Any CPU.ActiveCfg = Release|Any CPU
		{1F38D1A3-8DD7-4B6A-BCE2-83135FB50C73}.Release|Any CPU.Build.0 = Release|Any CPU
		{1F38D1A3-8DD7-4B6A-BCE2-83135FB50C73}.Release|x64.ActiveCfg = Release|Any CPU
		{1F38D1A3-8DD7-4B6A-BCE2-83135FB50C73}.Release|x64.Build.0 = Release|Any CPU
		{1F38D1A3-8DD7-4B6A-BCE2-83135FB50C73}.Release|x86.ActiveCfg = Release|Any CPU
		{1F38D1A3-8DD7-4B6A-BCE2-83135FB50C73}.Release|x86.Build.0 = Release|Any CPU
		{EA79614A-BA75-4A1C-89AA-436AA0231BCC}.Debug|Any CPU.ActiveCfg = Debug|Any CPU
		{EA79614A-BA75-4A1C-89AA-436AA0231BCC}.Debug|Any CPU.Build.0 = Debug|Any CPU
		{EA79614A-BA75-4A1C-89AA-436AA0231BCC}.Debug|x64.ActiveCfg = Debug|Any CPU
		{EA79614A-BA75-4A1C-89AA-436AA0231BCC}.Debug|x64.Build.0 = Debug|Any CPU
		{EA79614A-BA75-4A1C-89AA-436AA0231BCC}.Debug|x86.ActiveCfg = Debug|Any CPU
		{EA79614A-BA75-4A1C-89AA-436AA0231BCC}.Debug|x86.Build.0 = Debug|Any CPU
		{EA79614A-BA75-4A1C-89AA-436AA0231BCC}.Release|Any CPU.ActiveCfg = Release|Any CPU
		{EA79614A-BA75-4A1C-89AA-436AA0231BCC}.Release|Any CPU.Build.0 = Release|Any CPU
		{EA79614A-BA75-4A1C-89AA-436AA0231BCC}.Release|x64.ActiveCfg = Release|Any CPU
		{EA79614A-BA75-4A1C-89AA-436AA0231BCC}.Release|x64.Build.0 = Release|Any CPU
		{EA79614A-BA75-4A1C-89AA-436AA0231BCC}.Release|x86.ActiveCfg = Release|Any CPU
		{EA79614A-BA75-4A1C-89AA-436AA0231BCC}.Release|x86.Build.0 = Release|Any CPU
		{55DFEDFA-520A-4F07-86CC-F5D8C3D47308}.Debug|Any CPU.ActiveCfg = Debug|Any CPU
		{55DFEDFA-520A-4F07-86CC-F5D8C3D47308}.Debug|Any CPU.Build.0 = Debug|Any CPU
		{55DFEDFA-520A-4F07-86CC-F5D8C3D47308}.Debug|x64.ActiveCfg = Debug|Any CPU
		{55DFEDFA-520A-4F07-86CC-F5D8C3D47308}.Debug|x64.Build.0 = Debug|Any CPU
		{55DFEDFA-520A-4F07-86CC-F5D8C3D47308}.Debug|x86.ActiveCfg = Debug|Any CPU
		{55DFEDFA-520A-4F07-86CC-F5D8C3D47308}.Debug|x86.Build.0 = Debug|Any CPU
		{55DFEDFA-520A-4F07-86CC-F5D8C3D47308}.Release|Any CPU.ActiveCfg = Release|Any CPU
		{55DFEDFA-520A-4F07-86CC-F5D8C3D47308}.Release|Any CPU.Build.0 = Release|Any CPU
		{55DFEDFA-520A-4F07-86CC-F5D8C3D47308}.Release|x64.ActiveCfg = Release|Any CPU
		{55DFEDFA-520A-4F07-86CC-F5D8C3D47308}.Release|x64.Build.0 = Release|Any CPU
		{55DFEDFA-520A-4F07-86CC-F5D8C3D47308}.Release|x86.ActiveCfg = Release|Any CPU
		{55DFEDFA-520A-4F07-86CC-F5D8C3D47308}.Release|x86.Build.0 = Release|Any CPU
		{7F326E33-A375-49C8-8E92-E16C4D60B2D0}.Debug|Any CPU.ActiveCfg = Debug|Any CPU
		{7F326E33-A375-49C8-8E92-E16C4D60B2D0}.Debug|Any CPU.Build.0 = Debug|Any CPU
		{7F326E33-A375-49C8-8E92-E16C4D60B2D0}.Debug|x64.ActiveCfg = Debug|Any CPU
		{7F326E33-A375-49C8-8E92-E16C4D60B2D0}.Debug|x64.Build.0 = Debug|Any CPU
		{7F326E33-A375-49C8-8E92-E16C4D60B2D0}.Debug|x86.ActiveCfg = Debug|Any CPU
		{7F326E33-A375-49C8-8E92-E16C4D60B2D0}.Debug|x86.Build.0 = Debug|Any CPU
		{7F326E33-A375-49C8-8E92-E16C4D60B2D0}.Release|Any CPU.ActiveCfg = Release|Any CPU
		{7F326E33-A375-49C8-8E92-E16C4D60B2D0}.Release|Any CPU.Build.0 = Release|Any CPU
		{7F326E33-A375-49C8-8E92-E16C4D60B2D0}.Release|x64.ActiveCfg = Release|Any CPU
		{7F326E33-A375-49C8-8E92-E16C4D60B2D0}.Release|x64.Build.0 = Release|Any CPU
		{7F326E33-A375-49C8-8E92-E16C4D60B2D0}.Release|x86.ActiveCfg = Release|Any CPU
		{7F326E33-A375-49C8-8E92-E16C4D60B2D0}.Release|x86.Build.0 = Release|Any CPU
		{0F127F32-8CE2-4E24-93AE-5AAEDB86E4D3}.Debug|Any CPU.ActiveCfg = Debug|Any CPU
		{0F127F32-8CE2-4E24-93AE-5AAEDB86E4D3}.Debug|Any CPU.Build.0 = Debug|Any CPU
		{0F127F32-8CE2-4E24-93AE-5AAEDB86E4D3}.Debug|x64.ActiveCfg = Debug|Any CPU
		{0F127F32-8CE2-4E24-93AE-5AAEDB86E4D3}.Debug|x64.Build.0 = Debug|Any CPU
		{0F127F32-8CE2-4E24-93AE-5AAEDB86E4D3}.Debug|x86.ActiveCfg = Debug|Any CPU
		{0F127F32-8CE2-4E24-93AE-5AAEDB86E4D3}.Debug|x86.Build.0 = Debug|Any CPU
		{0F127F32-8CE2-4E24-93AE-5AAEDB86E4D3}.Release|Any CPU.ActiveCfg = Release|Any CPU
		{0F127F32-8CE2-4E24-93AE-5AAEDB86E4D3}.Release|Any CPU.Build.0 = Release|Any CPU
		{0F127F32-8CE2-4E24-93AE-5AAEDB86E4D3}.Release|x64.ActiveCfg = Release|Any CPU
		{0F127F32-8CE2-4E24-93AE-5AAEDB86E4D3}.Release|x64.Build.0 = Release|Any CPU
		{0F127F32-8CE2-4E24-93AE-5AAEDB86E4D3}.Release|x86.ActiveCfg = Release|Any CPU
		{0F127F32-8CE2-4E24-93AE-5AAEDB86E4D3}.Release|x86.Build.0 = Release|Any CPU
		{D91D370F-AD99-4EF8-AFA2-E38A103C8BC8}.Debug|Any CPU.ActiveCfg = Debug|Any CPU
		{D91D370F-AD99-4EF8-AFA2-E38A103C8BC8}.Debug|Any CPU.Build.0 = Debug|Any CPU
		{D91D370F-AD99-4EF8-AFA2-E38A103C8BC8}.Debug|x64.ActiveCfg = Debug|Any CPU
		{D91D370F-AD99-4EF8-AFA2-E38A103C8BC8}.Debug|x64.Build.0 = Debug|Any CPU
		{D91D370F-AD99-4EF8-AFA2-E38A103C8BC8}.Debug|x86.ActiveCfg = Debug|Any CPU
		{D91D370F-AD99-4EF8-AFA2-E38A103C8BC8}.Debug|x86.Build.0 = Debug|Any CPU
		{D91D370F-AD99-4EF8-AFA2-E38A103C8BC8}.Release|Any CPU.ActiveCfg = Release|Any CPU
		{D91D370F-AD99-4EF8-AFA2-E38A103C8BC8}.Release|Any CPU.Build.0 = Release|Any CPU
		{D91D370F-AD99-4EF8-AFA2-E38A103C8BC8}.Release|x64.ActiveCfg = Release|Any CPU
		{D91D370F-AD99-4EF8-AFA2-E38A103C8BC8}.Release|x64.Build.0 = Release|Any CPU
		{D91D370F-AD99-4EF8-AFA2-E38A103C8BC8}.Release|x86.ActiveCfg = Release|Any CPU
		{D91D370F-AD99-4EF8-AFA2-E38A103C8BC8}.Release|x86.Build.0 = Release|Any CPU
		{874C7F93-0E05-418C-8E60-C08E83340B45}.Debug|Any CPU.ActiveCfg = Debug|Any CPU
		{874C7F93-0E05-418C-8E60-C08E83340B45}.Debug|Any CPU.Build.0 = Debug|Any CPU
		{874C7F93-0E05-418C-8E60-C08E83340B45}.Debug|x64.ActiveCfg = Debug|Any CPU
		{874C7F93-0E05-418C-8E60-C08E83340B45}.Debug|x64.Build.0 = Debug|Any CPU
		{874C7F93-0E05-418C-8E60-C08E83340B45}.Debug|x86.ActiveCfg = Debug|Any CPU
		{874C7F93-0E05-418C-8E60-C08E83340B45}.Debug|x86.Build.0 = Debug|Any CPU
		{874C7F93-0E05-418C-8E60-C08E83340B45}.Release|Any CPU.ActiveCfg = Release|Any CPU
		{874C7F93-0E05-418C-8E60-C08E83340B45}.Release|Any CPU.Build.0 = Release|Any CPU
		{874C7F93-0E05-418C-8E60-C08E83340B45}.Release|x64.ActiveCfg = Release|Any CPU
		{874C7F93-0E05-418C-8E60-C08E83340B45}.Release|x64.Build.0 = Release|Any CPU
		{874C7F93-0E05-418C-8E60-C08E83340B45}.Release|x86.ActiveCfg = Release|Any CPU
		{874C7F93-0E05-418C-8E60-C08E83340B45}.Release|x86.Build.0 = Release|Any CPU
		{1DD9F51E-7830-425E-B188-B7F671659490}.Debug|Any CPU.ActiveCfg = Debug|Any CPU
		{1DD9F51E-7830-425E-B188-B7F671659490}.Debug|Any CPU.Build.0 = Debug|Any CPU
		{1DD9F51E-7830-425E-B188-B7F671659490}.Debug|x64.ActiveCfg = Debug|Any CPU
		{1DD9F51E-7830-425E-B188-B7F671659490}.Debug|x64.Build.0 = Debug|Any CPU
		{1DD9F51E-7830-425E-B188-B7F671659490}.Debug|x86.ActiveCfg = Debug|Any CPU
		{1DD9F51E-7830-425E-B188-B7F671659490}.Debug|x86.Build.0 = Debug|Any CPU
		{1DD9F51E-7830-425E-B188-B7F671659490}.Release|Any CPU.ActiveCfg = Release|Any CPU
		{1DD9F51E-7830-425E-B188-B7F671659490}.Release|Any CPU.Build.0 = Release|Any CPU
		{1DD9F51E-7830-425E-B188-B7F671659490}.Release|x64.ActiveCfg = Release|Any CPU
		{1DD9F51E-7830-425E-B188-B7F671659490}.Release|x64.Build.0 = Release|Any CPU
		{1DD9F51E-7830-425E-B188-B7F671659490}.Release|x86.ActiveCfg = Release|Any CPU
		{1DD9F51E-7830-425E-B188-B7F671659490}.Release|x86.Build.0 = Release|Any CPU
		{C65F585E-D8DB-4779-82EC-B0742BF5ADD9}.Debug|Any CPU.ActiveCfg = Debug|Any CPU
		{C65F585E-D8DB-4779-82EC-B0742BF5ADD9}.Debug|Any CPU.Build.0 = Debug|Any CPU
		{C65F585E-D8DB-4779-82EC-B0742BF5ADD9}.Debug|x64.ActiveCfg = Debug|Any CPU
		{C65F585E-D8DB-4779-82EC-B0742BF5ADD9}.Debug|x64.Build.0 = Debug|Any CPU
		{C65F585E-D8DB-4779-82EC-B0742BF5ADD9}.Debug|x86.ActiveCfg = Debug|Any CPU
		{C65F585E-D8DB-4779-82EC-B0742BF5ADD9}.Debug|x86.Build.0 = Debug|Any CPU
		{C65F585E-D8DB-4779-82EC-B0742BF5ADD9}.Release|Any CPU.ActiveCfg = Release|Any CPU
		{C65F585E-D8DB-4779-82EC-B0742BF5ADD9}.Release|Any CPU.Build.0 = Release|Any CPU
		{C65F585E-D8DB-4779-82EC-B0742BF5ADD9}.Release|x64.ActiveCfg = Release|Any CPU
		{C65F585E-D8DB-4779-82EC-B0742BF5ADD9}.Release|x64.Build.0 = Release|Any CPU
		{C65F585E-D8DB-4779-82EC-B0742BF5ADD9}.Release|x86.ActiveCfg = Release|Any CPU
		{C65F585E-D8DB-4779-82EC-B0742BF5ADD9}.Release|x86.Build.0 = Release|Any CPU
	EndGlobalSection
	GlobalSection(SolutionProperties) = preSolution
		HideSolutionNode = FALSE
	EndGlobalSection
	GlobalSection(NestedProjects) = preSolution
		{EC447DCF-ABFA-6E24-52A5-D7FD48A5C558} = {827E0CD3-B72D-47B6-A68D-7590B98EB39B}
		{1E1EF545-4C18-AEE2-B997-7EF431518D3F} = {EC447DCF-ABFA-6E24-52A5-D7FD48A5C558}
		{81736D6C-8CEA-48B8-5EA0-C79902F563B6} = {1E1EF545-4C18-AEE2-B997-7EF431518D3F}
		{2B18D771-7BF2-48D8-AF99-369AA366CDD4} = {81736D6C-8CEA-48B8-5EA0-C79902F563B6}
		{4371E740-2D6F-8592-4DE1-CCD41F57C855} = {1E1EF545-4C18-AEE2-B997-7EF431518D3F}
		{118D3F5E-BD55-4349-85DF-45941C023648} = {4371E740-2D6F-8592-4DE1-CCD41F57C855}
		{AEA5FB4D-85F1-9161-431C-803672BCB9B3} = {1E1EF545-4C18-AEE2-B997-7EF431518D3F}
		{1F38D1A3-8DD7-4B6A-BCE2-83135FB50C73} = {AEA5FB4D-85F1-9161-431C-803672BCB9B3}
		{D2CAED6B-FC59-4178-6320-5EDC21A9F743} = {EC447DCF-ABFA-6E24-52A5-D7FD48A5C558}
		{4544AA05-C012-A056-2EFB-C9A8AF1BC4FC} = {D2CAED6B-FC59-4178-6320-5EDC21A9F743}
		{EA79614A-BA75-4A1C-89AA-436AA0231BCC} = {4544AA05-C012-A056-2EFB-C9A8AF1BC4FC}
		{38A6A4C6-2370-5D44-2D4D-0AFAA6F329F3} = {D2CAED6B-FC59-4178-6320-5EDC21A9F743}
		{55DFEDFA-520A-4F07-86CC-F5D8C3D47308} = {38A6A4C6-2370-5D44-2D4D-0AFAA6F329F3}
		{D4606432-D90E-DA99-B50A-9A1AE102AEF3} = {D2CAED6B-FC59-4178-6320-5EDC21A9F743}
		{7F326E33-A375-49C8-8E92-E16C4D60B2D0} = {D4606432-D90E-DA99-B50A-9A1AE102AEF3}
		{981C2CF6-E5BB-602A-511C-234B538302B0} = {827E0CD3-B72D-47B6-A68D-7590B98EB39B}
		{0F127F32-8CE2-4E24-93AE-5AAEDB86E4D3} = {981C2CF6-E5BB-602A-511C-234B538302B0}
		{DD54C921-F51D-63BF-9838-C39187FD1EF1} = {0AB3BF05-4346-4AA6-1389-037BE0695223}
		{D91D370F-AD99-4EF8-AFA2-E38A103C8BC8} = {DD54C921-F51D-63BF-9838-C39187FD1EF1}
		{80CDAFC4-2F79-EC9B-27B2-FCDAD48D9E10} = {0AB3BF05-4346-4AA6-1389-037BE0695223}
		{874C7F93-0E05-418C-8E60-C08E83340B45} = {80CDAFC4-2F79-EC9B-27B2-FCDAD48D9E10}
		{70E89A33-AE1E-0B89-8B3A-78191417C6D1} = {EC447DCF-ABFA-6E24-52A5-D7FD48A5C558}
		{1DD9F51E-7830-425E-B188-B7F671659490} = {70E89A33-AE1E-0B89-8B3A-78191417C6D1}
		{C65F585E-D8DB-4779-82EC-B0742BF5ADD9} = {70E89A33-AE1E-0B89-8B3A-78191417C6D1}
	EndGlobalSection
EndGlobal
